
Microsoft Visual Studio Solution File, Format Version 12.00
# Visual Studio 2012
Project("{FAE04EC0-301F-11D3-BF4B-00C04F79EFBC}") = "BTCE-Trader.UI", "BTCE-Trader.UI\BTCE-Trader.UI.csproj", "{61A42A58-EC4E-4F3D-8C52-1CF6931559CA}"
EndProject
Global
	GlobalSection(SolutionConfigurationPlatforms) = preSolution
		Debug|Any CPU = Debug|Any CPU
		Release|Any CPU = Release|Any CPU
	EndGlobalSection
	GlobalSection(ProjectConfigurationPlatforms) = postSolution
		{61A42A58-EC4E-4F3D-8C52-1CF6931559CA}.Debug|Any CPU.ActiveCfg = Debug|Any CPU
		{61A42A58-EC4E-4F3D-8C52-1CF6931559CA}.Debug|Any CPU.Build.0 = Debug|Any CPU
		{61A42A58-EC4E-4F3D-8C52-1CF6931559CA}.Release|Any CPU.ActiveCfg = Release|Any CPU
		{61A42A58-EC4E-4F3D-8C52-1CF6931559CA}.Release|Any CPU.Build.0 = Release|Any CPU
	EndGlobalSection
	GlobalSection(SolutionProperties) = preSolution
		HideSolutionNode = FALSE
	EndGlobalSection
EndGlobal
